// !$*UTF8*$!
{
	archiveVersion = 1;
	classes = {
	};
	objectVersion = 52;
	objects = {

/* Begin PBXBuildFile section */
		2F20DFCB2642D8110025E66B /* ProfilView.swift in Sources */ = {isa = PBXBuildFile; fileRef = 2F20DFCA2642D8110025E66B /* ProfilView.swift */; };
		2F3FCDCF26A9A99F00D72000 /* UserViewModel.swift in Sources */ = {isa = PBXBuildFile; fileRef = 2F3FCDCE26A9A99F00D72000 /* UserViewModel.swift */; };
		2F57AB2526AFFD8500DA6A24 /* OrderView.swift in Sources */ = {isa = PBXBuildFile; fileRef = 2F57AB2426AFFD8500DA6A24 /* OrderView.swift */; };
		2F57AB2726B0202E00DA6A24 /* GridStackContainer.swift in Sources */ = {isa = PBXBuildFile; fileRef = 2F57AB2626B0202E00DA6A24 /* GridStackContainer.swift */; };
		2F57AB2926B0307800DA6A24 /* Event.swift in Sources */ = {isa = PBXBuildFile; fileRef = 2F57AB2826B0307800DA6A24 /* Event.swift */; };
		2F57AB2B26B1598D00DA6A24 /* ProductCard.swift in Sources */ = {isa = PBXBuildFile; fileRef = 2F57AB2A26B1598D00DA6A24 /* ProductCard.swift */; };
		2F9D150626295FAA000C0F19 /* ImageSnackMenu.swift in Sources */ = {isa = PBXBuildFile; fileRef = 2F9D150526295FAA000C0F19 /* ImageSnackMenu.swift */; };
		2F9D150926296004000C0F19 /* ImageFoodMenu.swift in Sources */ = {isa = PBXBuildFile; fileRef = 2F9D150826296004000C0F19 /* ImageFoodMenu.swift */; };
		2FA4FC5C26191A7E00F343B9 /* OneProjectApp.swift in Sources */ = {isa = PBXBuildFile; fileRef = 2FA4FC5B26191A7E00F343B9 /* OneProjectApp.swift */; };
		2FA4FC5E26191A7E00F343B9 /* ContentView.swift in Sources */ = {isa = PBXBuildFile; fileRef = 2FA4FC5D26191A7E00F343B9 /* ContentView.swift */; };
		2FA4FC6026191A7F00F343B9 /* Assets.xcassets in Resources */ = {isa = PBXBuildFile; fileRef = 2FA4FC5F26191A7F00F343B9 /* Assets.xcassets */; };
		2FA4FC6326191A7F00F343B9 /* Preview Assets.xcassets in Resources */ = {isa = PBXBuildFile; fileRef = 2FA4FC6226191A7F00F343B9 /* Preview Assets.xcassets */; };
		2FA4FC7126191F8400F343B9 /* FirebaseAnalytics in Frameworks */ = {isa = PBXBuildFile; productRef = 2FA4FC7026191F8400F343B9 /* FirebaseAnalytics */; };
		2FA4FC7326191F8400F343B9 /* FirebaseFirestoreSwift-Beta in Frameworks */ = {isa = PBXBuildFile; productRef = 2FA4FC7226191F8400F343B9 /* FirebaseFirestoreSwift-Beta */; };
		2FA4FC7526191F8400F343B9 /* FirebaseAuth in Frameworks */ = {isa = PBXBuildFile; productRef = 2FA4FC7426191F8400F343B9 /* FirebaseAuth */; };
		2FA4FC7726191F8400F343B9 /* FirebaseFirestore in Frameworks */ = {isa = PBXBuildFile; productRef = 2FA4FC7626191F8400F343B9 /* FirebaseFirestore */; };
		2FA4FC7926191F8400F343B9 /* FirebaseDatabase in Frameworks */ = {isa = PBXBuildFile; productRef = 2FA4FC7826191F8400F343B9 /* FirebaseDatabase */; };
		2FA4FC84261922FA00F343B9 /* Color.swift in Sources */ = {isa = PBXBuildFile; fileRef = 2FA4FC83261922FA00F343B9 /* Color.swift */; };
		2FA4FC872619ECC500F343B9 /* User.swift in Sources */ = {isa = PBXBuildFile; fileRef = 2FA4FC862619ECC500F343B9 /* User.swift */; };
		2FBDC0622624C755004F1A91 /* navbarView.swift in Sources */ = {isa = PBXBuildFile; fileRef = 2FBDC0612624C755004F1A91 /* navbarView.swift */; };
		2FD7E455261A65BF00EAC778 /* CustomButtton.swift in Sources */ = {isa = PBXBuildFile; fileRef = 2FD7E454261A65BF00EAC778 /* CustomButtton.swift */; };
		2FD7E459261A6C4600EAC778 /* LoginView.swift in Sources */ = {isa = PBXBuildFile; fileRef = 2FD7E458261A6C4600EAC778 /* LoginView.swift */; };
		2FD7E45C261A71FC00EAC778 /* SignUpView.swift in Sources */ = {isa = PBXBuildFile; fileRef = 2FD7E45B261A71FC00EAC778 /* SignUpView.swift */; };
		2FD7E463261B67CA00EAC778 /* SessionStore.swift in Sources */ = {isa = PBXBuildFile; fileRef = 2FD7E462261B67CA00EAC778 /* SessionStore.swift */; };
		2FD7E467261B6D7D00EAC778 /* GoogleService-Info.plist in Resources */ = {isa = PBXBuildFile; fileRef = 2FD7E466261B6D7D00EAC778 /* GoogleService-Info.plist */; };
		2FD7E46B261B7A2F00EAC778 /* MainView.swift in Sources */ = {isa = PBXBuildFile; fileRef = 2FD7E46A261B7A2F00EAC778 /* MainView.swift */; };
		2FD7E46E261B7E4F00EAC778 /* Global.swift in Sources */ = {isa = PBXBuildFile; fileRef = 2FD7E46D261B7E4F00EAC778 /* Global.swift */; };
		2FD7E471261B7EBE00EAC778 /* ControllerRegistry.swift in Sources */ = {isa = PBXBuildFile; fileRef = 2FD7E470261B7EBE00EAC778 /* ControllerRegistry.swift */; };
		C4A402A8261DED8B00BAD14F /* CultureEvent.swift in Sources */ = {isa = PBXBuildFile; fileRef = C4A402A7261DED8A00BAD14F /* CultureEvent.swift */; };
		C4A402AB261DF0B600BAD14F /* Menu.swift in Sources */ = {isa = PBXBuildFile; fileRef = C4A402AA261DF0B600BAD14F /* Menu.swift */; };
		C4A402AE261F423000BAD14F /* MenuCardView.swift in Sources */ = {isa = PBXBuildFile; fileRef = C4A402AD261F422F00BAD14F /* MenuCardView.swift */; };
		C4A402BD2623858700BAD14F /* SizeAndQuantityView.swift in Sources */ = {isa = PBXBuildFile; fileRef = C4A402BC2623858700BAD14F /* SizeAndQuantityView.swift */; };
/* End PBXBuildFile section */

/* Begin PBXFileReference section */
		2F20DFCA2642D8110025E66B /* ProfilView.swift */ = {isa = PBXFileReference; lastKnownFileType = sourcecode.swift; path = ProfilView.swift; sourceTree = "<group>"; };
		2F3FCDCE26A9A99F00D72000 /* UserViewModel.swift */ = {isa = PBXFileReference; lastKnownFileType = sourcecode.swift; path = UserViewModel.swift; sourceTree = "<group>"; };
		2F57AB2426AFFD8500DA6A24 /* OrderView.swift */ = {isa = PBXFileReference; lastKnownFileType = sourcecode.swift; path = OrderView.swift; sourceTree = "<group>"; };
		2F57AB2626B0202E00DA6A24 /* GridStackContainer.swift */ = {isa = PBXFileReference; lastKnownFileType = sourcecode.swift; path = GridStackContainer.swift; sourceTree = "<group>"; };
		2F57AB2826B0307800DA6A24 /* Event.swift */ = {isa = PBXFileReference; lastKnownFileType = sourcecode.swift; path = Event.swift; sourceTree = "<group>"; };
		2F57AB2A26B1598D00DA6A24 /* ProductCard.swift */ = {isa = PBXFileReference; lastKnownFileType = sourcecode.swift; path = ProductCard.swift; sourceTree = "<group>"; };
		2F9D150526295FAA000C0F19 /* ImageSnackMenu.swift */ = {isa = PBXFileReference; lastKnownFileType = sourcecode.swift; path = ImageSnackMenu.swift; sourceTree = "<group>"; };
		2F9D150826296004000C0F19 /* ImageFoodMenu.swift */ = {isa = PBXFileReference; lastKnownFileType = sourcecode.swift; path = ImageFoodMenu.swift; sourceTree = "<group>"; };
		2FA4FC5826191A7E00F343B9 /* OneProject.app */ = {isa = PBXFileReference; explicitFileType = wrapper.application; includeInIndex = 0; path = OneProject.app; sourceTree = BUILT_PRODUCTS_DIR; };
		2FA4FC5B26191A7E00F343B9 /* OneProjectApp.swift */ = {isa = PBXFileReference; lastKnownFileType = sourcecode.swift; path = OneProjectApp.swift; sourceTree = "<group>"; };
		2FA4FC5D26191A7E00F343B9 /* ContentView.swift */ = {isa = PBXFileReference; lastKnownFileType = sourcecode.swift; path = ContentView.swift; sourceTree = "<group>"; };
		2FA4FC5F26191A7F00F343B9 /* Assets.xcassets */ = {isa = PBXFileReference; lastKnownFileType = folder.assetcatalog; path = Assets.xcassets; sourceTree = "<group>"; };
		2FA4FC6226191A7F00F343B9 /* Preview Assets.xcassets */ = {isa = PBXFileReference; lastKnownFileType = folder.assetcatalog; path = "Preview Assets.xcassets"; sourceTree = "<group>"; };
		2FA4FC6426191A7F00F343B9 /* Info.plist */ = {isa = PBXFileReference; lastKnownFileType = text.plist.xml; path = Info.plist; sourceTree = "<group>"; };
		2FA4FC83261922FA00F343B9 /* Color.swift */ = {isa = PBXFileReference; lastKnownFileType = sourcecode.swift; path = Color.swift; sourceTree = "<group>"; };
		2FA4FC862619ECC500F343B9 /* User.swift */ = {isa = PBXFileReference; lastKnownFileType = sourcecode.swift; path = User.swift; sourceTree = "<group>"; };
		2FBDC0612624C755004F1A91 /* navbarView.swift */ = {isa = PBXFileReference; lastKnownFileType = sourcecode.swift; path = navbarView.swift; sourceTree = "<group>"; };
		2FD7E454261A65BF00EAC778 /* CustomButtton.swift */ = {isa = PBXFileReference; lastKnownFileType = sourcecode.swift; path = CustomButtton.swift; sourceTree = "<group>"; };
		2FD7E458261A6C4600EAC778 /* LoginView.swift */ = {isa = PBXFileReference; lastKnownFileType = sourcecode.swift; path = LoginView.swift; sourceTree = "<group>"; };
		2FD7E45B261A71FC00EAC778 /* SignUpView.swift */ = {isa = PBXFileReference; lastKnownFileType = sourcecode.swift; path = SignUpView.swift; sourceTree = "<group>"; };
		2FD7E462261B67CA00EAC778 /* SessionStore.swift */ = {isa = PBXFileReference; lastKnownFileType = sourcecode.swift; path = SessionStore.swift; sourceTree = "<group>"; };
		2FD7E466261B6D7D00EAC778 /* GoogleService-Info.plist */ = {isa = PBXFileReference; fileEncoding = 4; lastKnownFileType = text.plist.xml; name = "GoogleService-Info.plist"; path = "../../../../Downloads/GoogleService-Info.plist"; sourceTree = "<group>"; };
		2FD7E46A261B7A2F00EAC778 /* MainView.swift */ = {isa = PBXFileReference; lastKnownFileType = sourcecode.swift; path = MainView.swift; sourceTree = "<group>"; };
		2FD7E46D261B7E4F00EAC778 /* Global.swift */ = {isa = PBXFileReference; lastKnownFileType = sourcecode.swift; path = Global.swift; sourceTree = "<group>"; };
		2FD7E470261B7EBE00EAC778 /* ControllerRegistry.swift */ = {isa = PBXFileReference; lastKnownFileType = sourcecode.swift; path = ControllerRegistry.swift; sourceTree = "<group>"; };
		C4A402A7261DED8A00BAD14F /* CultureEvent.swift */ = {isa = PBXFileReference; lastKnownFileType = sourcecode.swift; path = CultureEvent.swift; sourceTree = "<group>"; };
		C4A402AA261DF0B600BAD14F /* Menu.swift */ = {isa = PBXFileReference; lastKnownFileType = sourcecode.swift; path = Menu.swift; sourceTree = "<group>"; };
		C4A402AD261F422F00BAD14F /* MenuCardView.swift */ = {isa = PBXFileReference; lastKnownFileType = sourcecode.swift; path = MenuCardView.swift; sourceTree = "<group>"; };
		C4A402BC2623858700BAD14F /* SizeAndQuantityView.swift */ = {isa = PBXFileReference; lastKnownFileType = sourcecode.swift; path = SizeAndQuantityView.swift; sourceTree = "<group>"; };
/* End PBXFileReference section */

/* Begin PBXFrameworksBuildPhase section */
		2FA4FC5526191A7E00F343B9 /* Frameworks */ = {
			isa = PBXFrameworksBuildPhase;
			buildActionMask = 2147483647;
			files = (
				2FA4FC7926191F8400F343B9 /* FirebaseDatabase in Frameworks */,
				2FA4FC7126191F8400F343B9 /* FirebaseAnalytics in Frameworks */,
				2FA4FC7726191F8400F343B9 /* FirebaseFirestore in Frameworks */,
				2FA4FC7526191F8400F343B9 /* FirebaseAuth in Frameworks */,
				2FA4FC7326191F8400F343B9 /* FirebaseFirestoreSwift-Beta in Frameworks */,
			);
			runOnlyForDeploymentPostprocessing = 0;
		};
/* End PBXFrameworksBuildPhase section */

/* Begin PBXGroup section */
		2F9D150426281346000C0F19 /* Menu */ = {
			isa = PBXGroup;
			children = (
				C4A402AD261F422F00BAD14F /* MenuCardView.swift */,
				2F9D150526295FAA000C0F19 /* ImageSnackMenu.swift */,
				2F9D150826296004000C0F19 /* ImageFoodMenu.swift */,
			);
			path = Menu;
			sourceTree = "<group>";
		};
		2FA4FC4F26191A7E00F343B9 = {
			isa = PBXGroup;
			children = (
				2FA4FC5A26191A7E00F343B9 /* OneProject */,
				2FA4FC5926191A7E00F343B9 /* Products */,
			);
			sourceTree = "<group>";
		};
		2FA4FC5926191A7E00F343B9 /* Products */ = {
			isa = PBXGroup;
			children = (
				2FA4FC5826191A7E00F343B9 /* OneProject.app */,
			);
			name = Products;
			sourceTree = "<group>";
		};
		2FA4FC5A26191A7E00F343B9 /* OneProject */ = {
			isa = PBXGroup;
			children = (
				2FD7E461261B67BB00EAC778 /* Store */,
				2FA4FC8026191FBB00F343B9 /* ViewModel */,
				2FA4FC7E26191FB500F343B9 /* Model */,
				2FA4FC7B26191FAA00F343B9 /* Views */,
				2FA4FC5B26191A7E00F343B9 /* OneProjectApp.swift */,
				2FA4FC5F26191A7F00F343B9 /* Assets.xcassets */,
				2FA4FC6426191A7F00F343B9 /* Info.plist */,
				2FD7E466261B6D7D00EAC778 /* GoogleService-Info.plist */,
				2FA4FC6126191A7F00F343B9 /* Preview Content */,
				2FA4FC83261922FA00F343B9 /* Color.swift */,
				2FD7E46D261B7E4F00EAC778 /* Global.swift */,
				2FD7E470261B7EBE00EAC778 /* ControllerRegistry.swift */,
			);
			path = OneProject;
			sourceTree = "<group>";
		};
		2FA4FC6126191A7F00F343B9 /* Preview Content */ = {
			isa = PBXGroup;
			children = (
				2FA4FC6226191A7F00F343B9 /* Preview Assets.xcassets */,
			);
			path = "Preview Content";
			sourceTree = "<group>";
		};
		2FA4FC7B26191FAA00F343B9 /* Views */ = {
			isa = PBXGroup;
			children = (
				2F9D150426281346000C0F19 /* Menu */,
				2FD7E453261A65AA00EAC778 /* CustomViews */,
				2FA4FC5D26191A7E00F343B9 /* ContentView.swift */,
				2FD7E458261A6C4600EAC778 /* LoginView.swift */,
				2FD7E45B261A71FC00EAC778 /* SignUpView.swift */,
				2FD7E46A261B7A2F00EAC778 /* MainView.swift */,
				C4A402BC2623858700BAD14F /* SizeAndQuantityView.swift */,
				2FBDC0612624C755004F1A91 /* navbarView.swift */,
				2F20DFCA2642D8110025E66B /* ProfilView.swift */,
				2F57AB2426AFFD8500DA6A24 /* OrderView.swift */,
			);
			path = Views;
			sourceTree = "<group>";
		};
		2FA4FC7E26191FB500F343B9 /* Model */ = {
			isa = PBXGroup;
			children = (
				2FA4FC862619ECC500F343B9 /* User.swift */,
				C4A402A7261DED8A00BAD14F /* CultureEvent.swift */,
				C4A402AA261DF0B600BAD14F /* Menu.swift */,
				2F57AB2826B0307800DA6A24 /* Event.swift */,
			);
			path = Model;
			sourceTree = "<group>";
		};
		2FA4FC8026191FBB00F343B9 /* ViewModel */ = {
			isa = PBXGroup;
			children = (
				2F3FCDCE26A9A99F00D72000 /* UserViewModel.swift */,
			);
			path = ViewModel;
			sourceTree = "<group>";
		};
		2FD7E453261A65AA00EAC778 /* CustomViews */ = {
			isa = PBXGroup;
			children = (
				2FD7E454261A65BF00EAC778 /* CustomButtton.swift */,
				2F57AB2626B0202E00DA6A24 /* GridStackContainer.swift */,
				2F57AB2A26B1598D00DA6A24 /* ProductCard.swift */,
			);
			path = CustomViews;
			sourceTree = "<group>";
		};
		2FD7E461261B67BB00EAC778 /* Store */ = {
			isa = PBXGroup;
			children = (
				2FD7E462261B67CA00EAC778 /* SessionStore.swift */,
			);
			path = Store;
			sourceTree = "<group>";
		};
/* End PBXGroup section */

/* Begin PBXNativeTarget section */
		2FA4FC5726191A7E00F343B9 /* OneProject */ = {
			isa = PBXNativeTarget;
			buildConfigurationList = 2FA4FC6726191A7F00F343B9 /* Build configuration list for PBXNativeTarget "OneProject" */;
			buildPhases = (
				2FA4FC5426191A7E00F343B9 /* Sources */,
				2FA4FC5526191A7E00F343B9 /* Frameworks */,
				2FA4FC5626191A7E00F343B9 /* Resources */,
			);
			buildRules = (
			);
			dependencies = (
			);
			name = OneProject;
			packageProductDependencies = (
				2FA4FC7026191F8400F343B9 /* FirebaseAnalytics */,
				2FA4FC7226191F8400F343B9 /* FirebaseFirestoreSwift-Beta */,
				2FA4FC7426191F8400F343B9 /* FirebaseAuth */,
				2FA4FC7626191F8400F343B9 /* FirebaseFirestore */,
				2FA4FC7826191F8400F343B9 /* FirebaseDatabase */,
			);
			productName = OneProject;
			productReference = 2FA4FC5826191A7E00F343B9 /* OneProject.app */;
			productType = "com.apple.product-type.application";
		};
/* End PBXNativeTarget section */

/* Begin PBXProject section */
		2FA4FC5026191A7E00F343B9 /* Project object */ = {
			isa = PBXProject;
			attributes = {
				LastSwiftUpdateCheck = 1240;
				LastUpgradeCheck = 1240;
				TargetAttributes = {
					2FA4FC5726191A7E00F343B9 = {
						CreatedOnToolsVersion = 12.4;
					};
				};
			};
			buildConfigurationList = 2FA4FC5326191A7E00F343B9 /* Build configuration list for PBXProject "OneProject" */;
			compatibilityVersion = "Xcode 9.3";
			developmentRegion = en;
			hasScannedForEncodings = 0;
			knownRegions = (
				en,
				Base,
			);
			mainGroup = 2FA4FC4F26191A7E00F343B9;
			packageReferences = (
				2FA4FC6F26191F8400F343B9 /* XCRemoteSwiftPackageReference "firebase-ios-sdk" */,
			);
			productRefGroup = 2FA4FC5926191A7E00F343B9 /* Products */;
			projectDirPath = "";
			projectRoot = "";
			targets = (
				2FA4FC5726191A7E00F343B9 /* OneProject */,
			);
		};
/* End PBXProject section */

/* Begin PBXResourcesBuildPhase section */
		2FA4FC5626191A7E00F343B9 /* Resources */ = {
			isa = PBXResourcesBuildPhase;
			buildActionMask = 2147483647;
			files = (
				2FA4FC6326191A7F00F343B9 /* Preview Assets.xcassets in Resources */,
				2FD7E467261B6D7D00EAC778 /* GoogleService-Info.plist in Resources */,
				2FA4FC6026191A7F00F343B9 /* Assets.xcassets in Resources */,
			);
			runOnlyForDeploymentPostprocessing = 0;
		};
/* End PBXResourcesBuildPhase section */

/* Begin PBXSourcesBuildPhase section */
		2FA4FC5426191A7E00F343B9 /* Sources */ = {
			isa = PBXSourcesBuildPhase;
			buildActionMask = 2147483647;
			files = (
				2FBDC0622624C755004F1A91 /* navbarView.swift in Sources */,
				2F20DFCB2642D8110025E66B /* ProfilView.swift in Sources */,
				2FD7E459261A6C4600EAC778 /* LoginView.swift in Sources */,
				2FD7E46B261B7A2F00EAC778 /* MainView.swift in Sources */,
				C4A402BD2623858700BAD14F /* SizeAndQuantityView.swift in Sources */,
				2F9D150926296004000C0F19 /* ImageFoodMenu.swift in Sources */,
				2F9D150626295FAA000C0F19 /* ImageSnackMenu.swift in Sources */,
				2FA4FC872619ECC500F343B9 /* User.swift in Sources */,
				2F57AB2926B0307800DA6A24 /* Event.swift in Sources */,
				C4A402A8261DED8B00BAD14F /* CultureEvent.swift in Sources */,
				2FA4FC5E26191A7E00F343B9 /* ContentView.swift in Sources */,
				2F57AB2726B0202E00DA6A24 /* GridStackContainer.swift in Sources */,
				2FD7E45C261A71FC00EAC778 /* SignUpView.swift in Sources */,
				2FA4FC5C26191A7E00F343B9 /* OneProjectApp.swift in Sources */,
				C4A402AE261F423000BAD14F /* MenuCardView.swift in Sources */,
				2F3FCDCF26A9A99F00D72000 /* UserViewModel.swift in Sources */,
				2FA4FC84261922FA00F343B9 /* Color.swift in Sources */,
				2FD7E463261B67CA00EAC778 /* SessionStore.swift in Sources */,
				C4A402AB261DF0B600BAD14F /* Menu.swift in Sources */,
				2FD7E46E261B7E4F00EAC778 /* Global.swift in Sources */,
				2F57AB2526AFFD8500DA6A24 /* OrderView.swift in Sources */,
				2FD7E455261A65BF00EAC778 /* CustomButtton.swift in Sources */,
				2FD7E471261B7EBE00EAC778 /* ControllerRegistry.swift in Sources */,
				2F57AB2B26B1598D00DA6A24 /* ProductCard.swift in Sources */,
			);
			runOnlyForDeploymentPostprocessing = 0;
		};
/* End PBXSourcesBuildPhase section */

/* Begin XCBuildConfiguration section */
		2FA4FC6526191A7F00F343B9 /* Debug */ = {
			isa = XCBuildConfiguration;
			buildSettings = {
				ALWAYS_SEARCH_USER_PATHS = NO;
				CLANG_ANALYZER_NONNULL = YES;
				CLANG_ANALYZER_NUMBER_OBJECT_CONVERSION = YES_AGGRESSIVE;
				CLANG_CXX_LANGUAGE_STANDARD = "gnu++14";
				CLANG_CXX_LIBRARY = "libc++";
				CLANG_ENABLE_MODULES = YES;
				CLANG_ENABLE_OBJC_ARC = YES;
				CLANG_ENABLE_OBJC_WEAK = YES;
				CLANG_WARN_BLOCK_CAPTURE_AUTORELEASING = YES;
				CLANG_WARN_BOOL_CONVERSION = YES;
				CLANG_WARN_COMMA = YES;
				CLANG_WARN_CONSTANT_CONVERSION = YES;
				CLANG_WARN_DEPRECATED_OBJC_IMPLEMENTATIONS = YES;
				CLANG_WARN_DIRECT_OBJC_ISA_USAGE = YES_ERROR;
				CLANG_WARN_DOCUMENTATION_COMMENTS = YES;
				CLANG_WARN_EMPTY_BODY = YES;
				CLANG_WARN_ENUM_CONVERSION = YES;
				CLANG_WARN_INFINITE_RECURSION = YES;
				CLANG_WARN_INT_CONVERSION = YES;
				CLANG_WARN_NON_LITERAL_NULL_CONVERSION = YES;
				CLANG_WARN_OBJC_IMPLICIT_RETAIN_SELF = YES;
				CLANG_WARN_OBJC_LITERAL_CONVERSION = YES;
				CLANG_WARN_OBJC_ROOT_CLASS = YES_ERROR;
				CLANG_WARN_QUOTED_INCLUDE_IN_FRAMEWORK_HEADER = YES;
				CLANG_WARN_RANGE_LOOP_ANALYSIS = YES;
				CLANG_WARN_STRICT_PROTOTYPES = YES;
				CLANG_WARN_SUSPICIOUS_MOVE = YES;
				CLANG_WARN_UNGUARDED_AVAILABILITY = YES_AGGRESSIVE;
				CLANG_WARN_UNREACHABLE_CODE = YES;
				CLANG_WARN__DUPLICATE_METHOD_MATCH = YES;
				COPY_PHASE_STRIP = NO;
				DEBUG_INFORMATION_FORMAT = dwarf;
				ENABLE_STRICT_OBJC_MSGSEND = YES;
				ENABLE_TESTABILITY = YES;
				GCC_C_LANGUAGE_STANDARD = gnu11;
				GCC_DYNAMIC_NO_PIC = NO;
				GCC_NO_COMMON_BLOCKS = YES;
				GCC_OPTIMIZATION_LEVEL = 0;
				GCC_PREPROCESSOR_DEFINITIONS = (
					"DEBUG=1",
					"$(inherited)",
				);
				GCC_WARN_64_TO_32_BIT_CONVERSION = YES;
				GCC_WARN_ABOUT_RETURN_TYPE = YES_ERROR;
				GCC_WARN_UNDECLARED_SELECTOR = YES;
				GCC_WARN_UNINITIALIZED_AUTOS = YES_AGGRESSIVE;
				GCC_WARN_UNUSED_FUNCTION = YES;
				GCC_WARN_UNUSED_VARIABLE = YES;
				IPHONEOS_DEPLOYMENT_TARGET = 14.4;
				MTL_ENABLE_DEBUG_INFO = INCLUDE_SOURCE;
				MTL_FAST_MATH = YES;
				ONLY_ACTIVE_ARCH = YES;
				SDKROOT = iphoneos;
				SWIFT_ACTIVE_COMPILATION_CONDITIONS = DEBUG;
				SWIFT_OPTIMIZATION_LEVEL = "-Onone";
			};
			name = Debug;
		};
		2FA4FC6626191A7F00F343B9 /* Release */ = {
			isa = XCBuildConfiguration;
			buildSettings = {
				ALWAYS_SEARCH_USER_PATHS = NO;
				CLANG_ANALYZER_NONNULL = YES;
				CLANG_ANALYZER_NUMBER_OBJECT_CONVERSION = YES_AGGRESSIVE;
				CLANG_CXX_LANGUAGE_STANDARD = "gnu++14";
				CLANG_CXX_LIBRARY = "libc++";
				CLANG_ENABLE_MODULES = YES;
				CLANG_ENABLE_OBJC_ARC = YES;
				CLANG_ENABLE_OBJC_WEAK = YES;
				CLANG_WARN_BLOCK_CAPTURE_AUTORELEASING = YES;
				CLANG_WARN_BOOL_CONVERSION = YES;
				CLANG_WARN_COMMA = YES;
				CLANG_WARN_CONSTANT_CONVERSION = YES;
				CLANG_WARN_DEPRECATED_OBJC_IMPLEMENTATIONS = YES;
				CLANG_WARN_DIRECT_OBJC_ISA_USAGE = YES_ERROR;
				CLANG_WARN_DOCUMENTATION_COMMENTS = YES;
				CLANG_WARN_EMPTY_BODY = YES;
				CLANG_WARN_ENUM_CONVERSION = YES;
				CLANG_WARN_INFINITE_RECURSION = YES;
				CLANG_WARN_INT_CONVERSION = YES;
				CLANG_WARN_NON_LITERAL_NULL_CONVERSION = YES;
				CLANG_WARN_OBJC_IMPLICIT_RETAIN_SELF = YES;
				CLANG_WARN_OBJC_LITERAL_CONVERSION = YES;
				CLANG_WARN_OBJC_ROOT_CLASS = YES_ERROR;
				CLANG_WARN_QUOTED_INCLUDE_IN_FRAMEWORK_HEADER = YES;
				CLANG_WARN_RANGE_LOOP_ANALYSIS = YES;
				CLANG_WARN_STRICT_PROTOTYPES = YES;
				CLANG_WARN_SUSPICIOUS_MOVE = YES;
				CLANG_WARN_UNGUARDED_AVAILABILITY = YES_AGGRESSIVE;
				CLANG_WARN_UNREACHABLE_CODE = YES;
				CLANG_WARN__DUPLICATE_METHOD_MATCH = YES;
				COPY_PHASE_STRIP = NO;
				DEBUG_INFORMATION_FORMAT = "dwarf-with-dsym";
				ENABLE_NS_ASSERTIONS = NO;
				ENABLE_STRICT_OBJC_MSGSEND = YES;
				GCC_C_LANGUAGE_STANDARD = gnu11;
				GCC_NO_COMMON_BLOCKS = YES;
				GCC_WARN_64_TO_32_BIT_CONVERSION = YES;
				GCC_WARN_ABOUT_RETURN_TYPE = YES_ERROR;
				GCC_WARN_UNDECLARED_SELECTOR = YES;
				GCC_WARN_UNINITIALIZED_AUTOS = YES_AGGRESSIVE;
				GCC_WARN_UNUSED_FUNCTION = YES;
				GCC_WARN_UNUSED_VARIABLE = YES;
				IPHONEOS_DEPLOYMENT_TARGET = 14.4;
				MTL_ENABLE_DEBUG_INFO = NO;
				MTL_FAST_MATH = YES;
				SDKROOT = iphoneos;
				SWIFT_COMPILATION_MODE = wholemodule;
				SWIFT_OPTIMIZATION_LEVEL = "-O";
				VALIDATE_PRODUCT = YES;
			};
			name = Release;
		};
		2FA4FC6826191A7F00F343B9 /* Debug */ = {
			isa = XCBuildConfiguration;
			buildSettings = {
				ASSETCATALOG_COMPILER_APPICON_NAME = AppIcon;
				ASSETCATALOG_COMPILER_GLOBAL_ACCENT_COLOR_NAME = AccentColor;
				CODE_SIGN_STYLE = Automatic;
				DEVELOPMENT_ASSET_PATHS = "\"OneProject/Preview Content\"";
				DEVELOPMENT_TEAM = PZUUNBKU5R;
				ENABLE_PREVIEWS = YES;
				INFOPLIST_FILE = OneProject/Info.plist;
				IPHONEOS_DEPLOYMENT_TARGET = 14.0;
				LD_RUNPATH_SEARCH_PATHS = (
					"$(inherited)",
					"@executable_path/Frameworks",
				);
				PRODUCT_BUNDLE_IDENTIFIER = dk.dvelopment.OneProject;
				PRODUCT_NAME = "$(TARGET_NAME)";
				SWIFT_VERSION = 5.0;
				TARGETED_DEVICE_FAMILY = "1,2";
			};
			name = Debug;
		};
		2FA4FC6926191A7F00F343B9 /* Release */ = {
			isa = XCBuildConfiguration;
			buildSettings = {
				ASSETCATALOG_COMPILER_APPICON_NAME = AppIcon;
				ASSETCATALOG_COMPILER_GLOBAL_ACCENT_COLOR_NAME = AccentColor;
				CODE_SIGN_STYLE = Automatic;
				DEVELOPMENT_ASSET_PATHS = "\"OneProject/Preview Content\"";
				DEVELOPMENT_TEAM = PZUUNBKU5R;
				ENABLE_PREVIEWS = YES;
				INFOPLIST_FILE = OneProject/Info.plist;
				IPHONEOS_DEPLOYMENT_TARGET = 14.0;
				LD_RUNPATH_SEARCH_PATHS = (
					"$(inherited)",
					"@executable_path/Frameworks",
				);
				PRODUCT_BUNDLE_IDENTIFIER = dk.dvelopment.OneProject;
				PRODUCT_NAME = "$(TARGET_NAME)";
				SWIFT_VERSION = 5.0;
				TARGETED_DEVICE_FAMILY = "1,2";
			};
			name = Release;
		};
/* End XCBuildConfiguration section */

/* Begin XCConfigurationList section */
		2FA4FC5326191A7E00F343B9 /* Build configuration list for PBXProject "OneProject" */ = {
			isa = XCConfigurationList;
			buildConfigurations = (
				2FA4FC6526191A7F00F343B9 /* Debug */,
				2FA4FC6626191A7F00F343B9 /* Release */,
			);
			defaultConfigurationIsVisible = 0;
			defaultConfigurationName = Release;
		};
		2FA4FC6726191A7F00F343B9 /* Build configuration list for PBXNativeTarget "OneProject" */ = {
			isa = XCConfigurationList;
			buildConfigurations = (
				2FA4FC6826191A7F00F343B9 /* Debug */,
				2FA4FC6926191A7F00F343B9 /* Release */,
			);
			defaultConfigurationIsVisible = 0;
			defaultConfigurationName = Release;
		};
/* End XCConfigurationList section */

/* Begin XCRemoteSwiftPackageReference section */
		2FA4FC6F26191F8400F343B9 /* XCRemoteSwiftPackageReference "firebase-ios-sdk" */ = {
			isa = XCRemoteSwiftPackageReference;
			repositoryURL = "https://github.com/firebase/firebase-ios-sdk.git";
			requirement = {
				kind = upToNextMajorVersion;
				minimumVersion = 7.9.1;
			};
		};
/* End XCRemoteSwiftPackageReference section */

/* Begin XCSwiftPackageProductDependency section */
		2FA4FC7026191F8400F343B9 /* FirebaseAnalytics */ = {
			isa = XCSwiftPackageProductDependency;
			package = 2FA4FC6F26191F8400F343B9 /* XCRemoteSwiftPackageReference "firebase-ios-sdk" */;
			productName = FirebaseAnalytics;
		};
		2FA4FC7226191F8400F343B9 /* FirebaseFirestoreSwift-Beta */ = {
			isa = XCSwiftPackageProductDependency;
			package = 2FA4FC6F26191F8400F343B9 /* XCRemoteSwiftPackageReference "firebase-ios-sdk" */;
			productName = "FirebaseFirestoreSwift-Beta";
		};
		2FA4FC7426191F8400F343B9 /* FirebaseAuth */ = {
			isa = XCSwiftPackageProductDependency;
			package = 2FA4FC6F26191F8400F343B9 /* XCRemoteSwiftPackageReference "firebase-ios-sdk" */;
			productName = FirebaseAuth;
		};
		2FA4FC7626191F8400F343B9 /* FirebaseFirestore */ = {
			isa = XCSwiftPackageProductDependency;
			package = 2FA4FC6F26191F8400F343B9 /* XCRemoteSwiftPackageReference "firebase-ios-sdk" */;
			productName = FirebaseFirestore;
		};
		2FA4FC7826191F8400F343B9 /* FirebaseDatabase */ = {
			isa = XCSwiftPackageProductDependency;
			package = 2FA4FC6F26191F8400F343B9 /* XCRemoteSwiftPackageReference "firebase-ios-sdk" */;
			productName = FirebaseDatabase;
		};
/* End XCSwiftPackageProductDependency section */
	};
	rootObject = 2FA4FC5026191A7E00F343B9 /* Project object */;
}
